
Microsoft Visual Studio Solution File, Format Version 12.00
# Visual Studio Version 17
VisualStudioVersion = 17.9.34701.34
MinimumVisualStudioVersion = 10.0.40219.1
Project("{FAE04EC0-301F-11D3-BF4B-00C04F79EFBC}") = "WindowsFormsApp6", "WindowsFormsApp6.csproj", "{C93D117B-4610-4E4B-8D50-77A314F33686}"
EndProject
Global
	GlobalSection(SolutionConfigurationPlatforms) = preSolution
		Debug|Any CPU = Debug|Any CPU
		Release|Any CPU = Release|Any CPU
	EndGlobalSection
	GlobalSection(ProjectConfigurationPlatforms) = postSolution
		{C93D117B-4610-4E4B-8D50-77A314F33686}.Debug|Any CPU.ActiveCfg = Debug|Any CPU
		{C93D117B-4610-4E4B-8D50-77A314F33686}.Debug|Any CPU.Build.0 = Debug|Any CPU
		{C93D117B-4610-4E4B-8D50-77A314F33686}.Release|Any CPU.ActiveCfg = Release|Any CPU
		{C93D117B-4610-4E4B-8D50-77A314F33686}.Release|Any CPU.Build.0 = Release|Any CPU
	EndGlobalSection
	GlobalSection(SolutionProperties) = preSolution
		HideSolutionNode = FALSE
	EndGlobalSection
	GlobalSection(ExtensibilityGlobals) = postSolution
		SolutionGuid = {C669CD06-C895-495F-9B0F-DA99DA696FE1}
	EndGlobalSection
EndGlobal
